
Microsoft Visual Studio Solution File, Format Version 12.00
# Visual Studio Version 16
VisualStudioVersion = 16.0.30114.105
MinimumVisualStudioVersion = 10.0.40219.1
Project("{2150E333-8FDC-42A3-9474-1A3956D46DE8}") = "src", "src", "{1ACCAC27-D2EA-49D6-BDDD-DA3663088506}"
EndProject
Project("{FAE04EC0-301F-11D3-BF4B-00C04F79EFBC}") = "App", "src\App\App.csproj", "{79AF1FD7-74E2-4139-849E-9BC9D57BD3AD}"
EndProject
Global
	GlobalSection(SolutionConfigurationPlatforms) = preSolution
		Debug|Any CPU = Debug|Any CPU
		Release|Any CPU = Release|Any CPU
	EndGlobalSection
	GlobalSection(SolutionProperties) = preSolution
		HideSolutionNode = FALSE
	EndGlobalSection
	GlobalSection(ProjectConfigurationPlatforms) = postSolution
		{79AF1FD7-74E2-4139-849E-9BC9D57BD3AD}.Debug|Any CPU.ActiveCfg = Debug|Any CPU
		{79AF1FD7-74E2-4139-849E-9BC9D57BD3AD}.Debug|Any CPU.Build.0 = Debug|Any CPU
		{79AF1FD7-74E2-4139-849E-9BC9D57BD3AD}.Release|Any CPU.ActiveCfg = Release|Any CPU
		{79AF1FD7-74E2-4139-849E-9BC9D57BD3AD}.Release|Any CPU.Build.0 = Release|Any CPU
	EndGlobalSection
	GlobalSection(NestedProjects) = preSolution
		{79AF1FD7-74E2-4139-849E-9BC9D57BD3AD} = {1ACCAC27-D2EA-49D6-BDDD-DA3663088506}
	EndGlobalSection
EndGlobal
